
Microsoft Visual Studio Solution File, Format Version 12.00
# Visual Studio 15
VisualStudioVersion = 15.0.28010.2026
MinimumVisualStudioVersion = 10.0.40219.1
Project("{FAE04EC0-301F-11D3-BF4B-00C04F79EFBC}") = "TodoServer", "TodoServer\TodoServer.csproj", "{5B1D96CE-9D82-4BD7-B346-D7FDE40B8D05}"
EndProject
Global
	GlobalSection(SolutionConfigurationPlatforms) = preSolution
		Debug|Any CPU = Debug|Any CPU
		Release|Any CPU = Release|Any CPU
	EndGlobalSection
	GlobalSection(ProjectConfigurationPlatforms) = postSolution
		{5B1D96CE-9D82-4BD7-B346-D7FDE40B8D05}.Debug|Any CPU.ActiveCfg = Debug|Any CPU
		{5B1D96CE-9D82-4BD7-B346-D7FDE40B8D05}.Debug|Any CPU.Build.0 = Debug|Any CPU
		{5B1D96CE-9D82-4BD7-B346-D7FDE40B8D05}.Release|Any CPU.ActiveCfg = Release|Any CPU
		{5B1D96CE-9D82-4BD7-B346-D7FDE40B8D05}.Release|Any CPU.Build.0 = Release|Any CPU
	EndGlobalSection
	GlobalSection(SolutionProperties) = preSolution
		HideSolutionNode = FALSE
	EndGlobalSection
	GlobalSection(ExtensibilityGlobals) = postSolution
		SolutionGuid = {A5650AA0-A1F3-4E7C-908E-DF56DA034180}
	EndGlobalSection
EndGlobal
